
Microsoft Visual Studio Solution File, Format Version 12.00
# Visual Studio 15
VisualStudioVersion = 15.0.26124.0
MinimumVisualStudioVersion = 15.0.26124.0
Project("{F2A71F9B-5D33-465A-A702-920D77279786}") = "Game", "Game\Game.fsproj", "{594A1478-0EE1-4A2F-BA5C-ECED5A3E3FD7}"
EndProject
Project("{F2A71F9B-5D33-465A-A702-920D77279786}") = "Tests", "Tests\Tests.fsproj", "{FCA131E9-C575-4720-8733-60D6033785A2}"
EndProject
Project("{F2A71F9B-5D33-465A-A702-920D77279786}") = "Benchmark", "Benchmark\Benchmark.fsproj", "{1BEA1091-B75A-4CA6-8E81-D94F7C228AD5}"
EndProject
Project("{F2A71F9B-5D33-465A-A702-920D77279786}") = "ManualTests", "ManualTests\ManualTests.fsproj", "{D0E80D72-6DAC-48FD-B832-427EA4DAB33B}"
EndProject
Project("{F2A71F9B-5D33-465A-A702-920D77279786}") = "ManualBenchmark", "ManualBenchmark\ManualBenchmark.fsproj", "{147D1F56-DDBA-4B6D-90A2-175236F76CB9}"
EndProject
Global
	GlobalSection(SolutionConfigurationPlatforms) = preSolution
		Debug|Any CPU = Debug|Any CPU
		Debug|x64 = Debug|x64
		Debug|x86 = Debug|x86
		Release|Any CPU = Release|Any CPU
		Release|x64 = Release|x64
		Release|x86 = Release|x86
	EndGlobalSection
	GlobalSection(SolutionProperties) = preSolution
		HideSolutionNode = FALSE
	EndGlobalSection
	GlobalSection(ProjectConfigurationPlatforms) = postSolution
		{594A1478-0EE1-4A2F-BA5C-ECED5A3E3FD7}.Debug|Any CPU.ActiveCfg = Debug|Any CPU
		{594A1478-0EE1-4A2F-BA5C-ECED5A3E3FD7}.Debug|Any CPU.Build.0 = Debug|Any CPU
		{594A1478-0EE1-4A2F-BA5C-ECED5A3E3FD7}.Debug|x64.ActiveCfg = Debug|Any CPU
		{594A1478-0EE1-4A2F-BA5C-ECED5A3E3FD7}.Debug|x64.Build.0 = Debug|Any CPU
		{594A1478-0EE1-4A2F-BA5C-ECED5A3E3FD7}.Debug|x86.ActiveCfg = Debug|Any CPU
		{594A1478-0EE1-4A2F-BA5C-ECED5A3E3FD7}.Debug|x86.Build.0 = Debug|Any CPU
		{594A1478-0EE1-4A2F-BA5C-ECED5A3E3FD7}.Release|Any CPU.ActiveCfg = Release|Any CPU
		{594A1478-0EE1-4A2F-BA5C-ECED5A3E3FD7}.Release|Any CPU.Build.0 = Release|Any CPU
		{594A1478-0EE1-4A2F-BA5C-ECED5A3E3FD7}.Release|x64.ActiveCfg = Release|Any CPU
		{594A1478-0EE1-4A2F-BA5C-ECED5A3E3FD7}.Release|x64.Build.0 = Release|Any CPU
		{594A1478-0EE1-4A2F-BA5C-ECED5A3E3FD7}.Release|x86.ActiveCfg = Release|Any CPU
		{594A1478-0EE1-4A2F-BA5C-ECED5A3E3FD7}.Release|x86.Build.0 = Release|Any CPU
		{FCA131E9-C575-4720-8733-60D6033785A2}.Debug|Any CPU.ActiveCfg = Debug|Any CPU
		{FCA131E9-C575-4720-8733-60D6033785A2}.Debug|Any CPU.Build.0 = Debug|Any CPU
		{FCA131E9-C575-4720-8733-60D6033785A2}.Debug|x64.ActiveCfg = Debug|Any CPU
		{FCA131E9-C575-4720-8733-60D6033785A2}.Debug|x64.Build.0 = Debug|Any CPU
		{FCA131E9-C575-4720-8733-60D6033785A2}.Debug|x86.ActiveCfg = Debug|Any CPU
		{FCA131E9-C575-4720-8733-60D6033785A2}.Debug|x86.Build.0 = Debug|Any CPU
		{FCA131E9-C575-4720-8733-60D6033785A2}.Release|Any CPU.ActiveCfg = Release|Any CPU
		{FCA131E9-C575-4720-8733-60D6033785A2}.Release|Any CPU.Build.0 = Release|Any CPU
		{FCA131E9-C575-4720-8733-60D6033785A2}.Release|x64.ActiveCfg = Release|Any CPU
		{FCA131E9-C575-4720-8733-60D6033785A2}.Release|x64.Build.0 = Release|Any CPU
		{FCA131E9-C575-4720-8733-60D6033785A2}.Release|x86.ActiveCfg = Release|Any CPU
		{FCA131E9-C575-4720-8733-60D6033785A2}.Release|x86.Build.0 = Release|Any CPU
		{1BEA1091-B75A-4CA6-8E81-D94F7C228AD5}.Debug|Any CPU.ActiveCfg = Debug|Any CPU
		{1BEA1091-B75A-4CA6-8E81-D94F7C228AD5}.Debug|Any CPU.Build.0 = Debug|Any CPU
		{1BEA1091-B75A-4CA6-8E81-D94F7C228AD5}.Debug|x64.ActiveCfg = Debug|Any CPU
		{1BEA1091-B75A-4CA6-8E81-D94F7C228AD5}.Debug|x64.Build.0 = Debug|Any CPU
		{1BEA1091-B75A-4CA6-8E81-D94F7C228AD5}.Debug|x86.ActiveCfg = Debug|Any CPU
		{1BEA1091-B75A-4CA6-8E81-D94F7C228AD5}.Debug|x86.Build.0 = Debug|Any CPU
		{1BEA1091-B75A-4CA6-8E81-D94F7C228AD5}.Release|Any CPU.ActiveCfg = Release|Any CPU
		{1BEA1091-B75A-4CA6-8E81-D94F7C228AD5}.Release|Any CPU.Build.0 = Release|Any CPU
		{1BEA1091-B75A-4CA6-8E81-D94F7C228AD5}.Release|x64.ActiveCfg = Release|Any CPU
		{1BEA1091-B75A-4CA6-8E81-D94F7C228AD5}.Release|x64.Build.0 = Release|Any CPU
		{1BEA1091-B75A-4CA6-8E81-D94F7C228AD5}.Release|x86.ActiveCfg = Release|Any CPU
		{1BEA1091-B75A-4CA6-8E81-D94F7C228AD5}.Release|x86.Build.0 = Release|Any CPU
		{D0E80D72-6DAC-48FD-B832-427EA4DAB33B}.Debug|Any CPU.ActiveCfg = Debug|Any CPU
		{D0E80D72-6DAC-48FD-B832-427EA4DAB33B}.Debug|Any CPU.Build.0 = Debug|Any CPU
		{D0E80D72-6DAC-48FD-B832-427EA4DAB33B}.Debug|x64.ActiveCfg = Debug|Any CPU
		{D0E80D72-6DAC-48FD-B832-427EA4DAB33B}.Debug|x64.Build.0 = Debug|Any CPU
		{D0E80D72-6DAC-48FD-B832-427EA4DAB33B}.Debug|x86.ActiveCfg = Debug|Any CPU
		{D0E80D72-6DAC-48FD-B832-427EA4DAB33B}.Debug|x86.Build.0 = Debug|Any CPU
		{D0E80D72-6DAC-48FD-B832-427EA4DAB33B}.Release|Any CPU.ActiveCfg = Release|Any CPU
		{D0E80D72-6DAC-48FD-B832-427EA4DAB33B}.Release|Any CPU.Build.0 = Release|Any CPU
		{D0E80D72-6DAC-48FD-B832-427EA4DAB33B}.Release|x64.ActiveCfg = Release|Any CPU
		{D0E80D72-6DAC-48FD-B832-427EA4DAB33B}.Release|x64.Build.0 = Release|Any CPU
		{D0E80D72-6DAC-48FD-B832-427EA4DAB33B}.Release|x86.ActiveCfg = Release|Any CPU
		{D0E80D72-6DAC-48FD-B832-427EA4DAB33B}.Release|x86.Build.0 = Release|Any CPU
		{147D1F56-DDBA-4B6D-90A2-175236F76CB9}.Debug|Any CPU.ActiveCfg = Debug|Any CPU
		{147D1F56-DDBA-4B6D-90A2-175236F76CB9}.Debug|Any CPU.Build.0 = Debug|Any CPU
		{147D1F56-DDBA-4B6D-90A2-175236F76CB9}.Debug|x64.ActiveCfg = Debug|Any CPU
		{147D1F56-DDBA-4B6D-90A2-175236F76CB9}.Debug|x64.Build.0 = Debug|Any CPU
		{147D1F56-DDBA-4B6D-90A2-175236F76CB9}.Debug|x86.ActiveCfg = Debug|Any CPU
		{147D1F56-DDBA-4B6D-90A2-175236F76CB9}.Debug|x86.Build.0 = Debug|Any CPU
		{147D1F56-DDBA-4B6D-90A2-175236F76CB9}.Release|Any CPU.ActiveCfg = Release|Any CPU
		{147D1F56-DDBA-4B6D-90A2-175236F76CB9}.Release|Any CPU.Build.0 = Release|Any CPU
		{147D1F56-DDBA-4B6D-90A2-175236F76CB9}.Release|x64.ActiveCfg = Release|Any CPU
		{147D1F56-DDBA-4B6D-90A2-175236F76CB9}.Release|x64.Build.0 = Release|Any CPU
		{147D1F56-DDBA-4B6D-90A2-175236F76CB9}.Release|x86.ActiveCfg = Release|Any CPU
		{147D1F56-DDBA-4B6D-90A2-175236F76CB9}.Release|x86.Build.0 = Release|Any CPU
	EndGlobalSection
EndGlobal
